
Microsoft Visual Studio Solution File, Format Version 12.00
# Visual Studio 15
VisualStudioVersion = 15.0.28307.1259
MinimumVisualStudioVersion = 10.0.40219.1
Project("{FAE04EC0-301F-11D3-BF4B-00C04F79EFBC}") = "SampleProject.Model", "SampleProject.Model\SampleProject.Model.csproj", "{57611312-C8CC-4F3D-A9DF-3E7D6BF51D6F}"
EndProject
Project("{FAE04EC0-301F-11D3-BF4B-00C04F79EFBC}") = "SampleProject.Repository", "SampleProject.Repository\SampleProject.Repository.csproj", "{BEE9F6E4-3677-494B-9CAE-121625EE35EE}"
EndProject
Project("{FAE04EC0-301F-11D3-BF4B-00C04F79EFBC}") = "SampleProject.Api", "SampleProject.Api\SampleProject.Api.csproj", "{15A28395-5A23-47FE-9BD8-4F6EE45866F3}"
EndProject
Global
	GlobalSection(SolutionConfigurationPlatforms) = preSolution
		Debug|Any CPU = Debug|Any CPU
		Release|Any CPU = Release|Any CPU
	EndGlobalSection
	GlobalSection(ProjectConfigurationPlatforms) = postSolution
		{57611312-C8CC-4F3D-A9DF-3E7D6BF51D6F}.Debug|Any CPU.ActiveCfg = Debug|Any CPU
		{57611312-C8CC-4F3D-A9DF-3E7D6BF51D6F}.Debug|Any CPU.Build.0 = Debug|Any CPU
		{57611312-C8CC-4F3D-A9DF-3E7D6BF51D6F}.Release|Any CPU.ActiveCfg = Release|Any CPU
		{57611312-C8CC-4F3D-A9DF-3E7D6BF51D6F}.Release|Any CPU.Build.0 = Release|Any CPU
		{BEE9F6E4-3677-494B-9CAE-121625EE35EE}.Debug|Any CPU.ActiveCfg = Debug|Any CPU
		{BEE9F6E4-3677-494B-9CAE-121625EE35EE}.Debug|Any CPU.Build.0 = Debug|Any CPU
		{BEE9F6E4-3677-494B-9CAE-121625EE35EE}.Release|Any CPU.ActiveCfg = Release|Any CPU
		{BEE9F6E4-3677-494B-9CAE-121625EE35EE}.Release|Any CPU.Build.0 = Release|Any CPU
		{15A28395-5A23-47FE-9BD8-4F6EE45866F3}.Debug|Any CPU.ActiveCfg = Debug|Any CPU
		{15A28395-5A23-47FE-9BD8-4F6EE45866F3}.Debug|Any CPU.Build.0 = Debug|Any CPU
		{15A28395-5A23-47FE-9BD8-4F6EE45866F3}.Release|Any CPU.ActiveCfg = Release|Any CPU
		{15A28395-5A23-47FE-9BD8-4F6EE45866F3}.Release|Any CPU.Build.0 = Release|Any CPU
	EndGlobalSection
	GlobalSection(SolutionProperties) = preSolution
		HideSolutionNode = FALSE
	EndGlobalSection
	GlobalSection(ExtensibilityGlobals) = postSolution
		SolutionGuid = {E5AEF2C3-9A6C-4C91-AC22-EB1F13C4CD83}
	EndGlobalSection
EndGlobal
